lockfileVersion: '9.0'

settings:
  autoInstallPeers: true
  excludeLinksFromLockfile: false

importers:

  .:
    dependencies:
      astronomy-engine:
        specifier: 2.1.19
        version: 2.1.19

packages:

  astronomy-engine@2.1.19:
    resolution: {integrity: sha512-8yWKNf7UeNbH458h3sAJ6ZgAjE5jTXp/mNNRFoC20j2SHwZIjAQeEsBB2Q3uCFRaTCCJRv33K2XhkhZQMXoX6w==}

snapshots:

  astronomy-engine@2.1.19: {}
